
Microsoft Visual Studio Solution File, Format Version 12.00
# Visual Studio 2012
Project("{FAE04EC0-301F-11D3-BF4B-00C04F79EFBC}") = "Pdelvo.Minecraft.Proxy.Console", "Pdelvo.Minecraft.Proxy.Console\Pdelvo.Minecraft.Proxy.Console.csproj", "{8750BDD9-ECB2-4AE6-A845-EEA21DCAA32F}"
	ProjectSection(ProjectDependencies) = postProject
		{0829614F-31E5-4DA4-B311-99F557D31EA0} = {0829614F-31E5-4DA4-B311-99F557D31EA0}
	EndProjectSection
EndProject
Project("{FAE04EC0-301F-11D3-BF4B-00C04F79EFBC}") = "Pdelvo.Minecraft.Network", "..\externals\minecraftlib\Pdelvo.Minecraft.Network\Pdelvo.Minecraft.Network.csproj", "{8291168C-FF6F-47F8-B166-9B5D551E7BCA}"
EndProject
Project("{FAE04EC0-301F-11D3-BF4B-00C04F79EFBC}") = "Pdelvo.Minecraft.Protocol", "..\externals\minecraftlib\Pdelvo.Minecraft.Protocol\Pdelvo.Minecraft.Protocol.csproj", "{15181DED-BE43-47F9-A543-0B40F4F17A27}"
EndProject
Project("{2150E333-8FDC-42A3-9474-1A3956D46DE8}") = "Protocol", "Protocol", "{DE9C9B5A-4195-4112-A57A-0F2CD4EC90CB}"
EndProject
Project("{FAE04EC0-301F-11D3-BF4B-00C04F79EFBC}") = "Pdelvo.Minecraft.Proxy.Library", "Pdelvo.Minecraft.Proxy.Library\Pdelvo.Minecraft.Proxy.Library.csproj", "{114F9078-D8D6-4515-ACDE-25A5988475C7}"
EndProject
Project("{2150E333-8FDC-42A3-9474-1A3956D46DE8}") = "Libs", "Libs", "{5F9514A2-B1FC-419F-9DD8-EF9AFC692B7C}"
EndProject
Project("{FAE04EC0-301F-11D3-BF4B-00C04F79EFBC}") = "Pdelvo.Async.Extensions", "..\externals\asynclib\Pdelvo.Async.Extensions.csproj", "{835AE408-E04F-4E51-82C2-74F899C6DDA0}"
EndProject
Project("{2150E333-8FDC-42A3-9474-1A3956D46DE8}") = "Plugins", "Plugins", "{61383AE8-4BDD-44EC-9BBF-C0DB2216C4F8}"
EndProject
Project("{FAE04EC0-301F-11D3-BF4B-00C04F79EFBC}") = "ServerChangePlugin", "ServerChangePlugin\ServerChangePlugin.csproj", "{0829614F-31E5-4DA4-B311-99F557D31EA0}"
EndProject
Project("{2150E333-8FDC-42A3-9474-1A3956D46DE8}") = "UnitTests", "UnitTests", "{354C3820-B9CA-4E7E-A37C-052B93D59DF6}"
EndProject
Project("{FAE04EC0-301F-11D3-BF4B-00C04F79EFBC}") = "Pdelvo.Minecraft.Tests", "..\externals\minecraftlib\Pdelvo.Minecraft.Tests\Pdelvo.Minecraft.Tests.csproj", "{D7AA8659-E3C7-4D74-A88A-C96AC1170C1D}"
EndProject
Project("{FAE04EC0-301F-11D3-BF4B-00C04F79EFBC}") = "Pdelvo.Minecraft.Proxy.Tests", "Pdelvo.Minecraft.Proxy.Tests\Pdelvo.Minecraft.Proxy.Tests.csproj", "{229A3F71-04EB-404F-9B70-5EA6A925401D}"
EndProject
Global
	GlobalSection(SolutionConfigurationPlatforms) = preSolution
		Debug|Any CPU = Debug|Any CPU
		Release|Any CPU = Release|Any CPU
	EndGlobalSection
	GlobalSection(ProjectConfigurationPlatforms) = postSolution
		{8750BDD9-ECB2-4AE6-A845-EEA21DCAA32F}.Debug|Any CPU.ActiveCfg = Debug|Any CPU
		{8750BDD9-ECB2-4AE6-A845-EEA21DCAA32F}.Debug|Any CPU.Build.0 = Debug|Any CPU
		{8750BDD9-ECB2-4AE6-A845-EEA21DCAA32F}.Release|Any CPU.ActiveCfg = Release|Any CPU
		{8750BDD9-ECB2-4AE6-A845-EEA21DCAA32F}.Release|Any CPU.Build.0 = Release|Any CPU
		{8291168C-FF6F-47F8-B166-9B5D551E7BCA}.Debug|Any CPU.ActiveCfg = Debug|Any CPU
		{8291168C-FF6F-47F8-B166-9B5D551E7BCA}.Debug|Any CPU.Build.0 = Debug|Any CPU
		{8291168C-FF6F-47F8-B166-9B5D551E7BCA}.Release|Any CPU.ActiveCfg = Release|Any CPU
		{8291168C-FF6F-47F8-B166-9B5D551E7BCA}.Release|Any CPU.Build.0 = Release|Any CPU
		{15181DED-BE43-47F9-A543-0B40F4F17A27}.Debug|Any CPU.ActiveCfg = Debug|Any CPU
		{15181DED-BE43-47F9-A543-0B40F4F17A27}.Debug|Any CPU.Build.0 = Debug|Any CPU
		{15181DED-BE43-47F9-A543-0B40F4F17A27}.Release|Any CPU.ActiveCfg = Release|Any CPU
		{15181DED-BE43-47F9-A543-0B40F4F17A27}.Release|Any CPU.Build.0 = Release|Any CPU
		{114F9078-D8D6-4515-ACDE-25A5988475C7}.Debug|Any CPU.ActiveCfg = Debug|Any CPU
		{114F9078-D8D6-4515-ACDE-25A5988475C7}.Debug|Any CPU.Build.0 = Debug|Any CPU
		{114F9078-D8D6-4515-ACDE-25A5988475C7}.Release|Any CPU.ActiveCfg = Release|Any CPU
		{114F9078-D8D6-4515-ACDE-25A5988475C7}.Release|Any CPU.Build.0 = Release|Any CPU
		{835AE408-E04F-4E51-82C2-74F899C6DDA0}.Debug|Any CPU.ActiveCfg = Debug|Any CPU
		{835AE408-E04F-4E51-82C2-74F899C6DDA0}.Debug|Any CPU.Build.0 = Debug|Any CPU
		{835AE408-E04F-4E51-82C2-74F899C6DDA0}.Release|Any CPU.ActiveCfg = Release|Any CPU
		{835AE408-E04F-4E51-82C2-74F899C6DDA0}.Release|Any CPU.Build.0 = Release|Any CPU
		{0829614F-31E5-4DA4-B311-99F557D31EA0}.Debug|Any CPU.ActiveCfg = Debug|Any CPU
		{0829614F-31E5-4DA4-B311-99F557D31EA0}.Debug|Any CPU.Build.0 = Debug|Any CPU
		{0829614F-31E5-4DA4-B311-99F557D31EA0}.Release|Any CPU.ActiveCfg = Release|Any CPU
		{0829614F-31E5-4DA4-B311-99F557D31EA0}.Release|Any CPU.Build.0 = Release|Any CPU
		{D7AA8659-E3C7-4D74-A88A-C96AC1170C1D}.Debug|Any CPU.ActiveCfg = Debug|Any CPU
		{D7AA8659-E3C7-4D74-A88A-C96AC1170C1D}.Debug|Any CPU.Build.0 = Debug|Any CPU
		{D7AA8659-E3C7-4D74-A88A-C96AC1170C1D}.Release|Any CPU.ActiveCfg = Release|Any CPU
		{D7AA8659-E3C7-4D74-A88A-C96AC1170C1D}.Release|Any CPU.Build.0 = Release|Any CPU
		{229A3F71-04EB-404F-9B70-5EA6A925401D}.Debug|Any CPU.ActiveCfg = Debug|Any CPU
		{229A3F71-04EB-404F-9B70-5EA6A925401D}.Debug|Any CPU.Build.0 = Debug|Any CPU
		{229A3F71-04EB-404F-9B70-5EA6A925401D}.Release|Any CPU.ActiveCfg = Release|Any CPU
		{229A3F71-04EB-404F-9B70-5EA6A925401D}.Release|Any CPU.Build.0 = Release|Any CPU
	EndGlobalSection
	GlobalSection(SolutionProperties) = preSolution
		HideSolutionNode = FALSE
	EndGlobalSection
	GlobalSection(NestedProjects) = preSolution
		{15181DED-BE43-47F9-A543-0B40F4F17A27} = {DE9C9B5A-4195-4112-A57A-0F2CD4EC90CB}
		{8291168C-FF6F-47F8-B166-9B5D551E7BCA} = {DE9C9B5A-4195-4112-A57A-0F2CD4EC90CB}
		{835AE408-E04F-4E51-82C2-74F899C6DDA0} = {5F9514A2-B1FC-419F-9DD8-EF9AFC692B7C}
		{0829614F-31E5-4DA4-B311-99F557D31EA0} = {61383AE8-4BDD-44EC-9BBF-C0DB2216C4F8}
		{D7AA8659-E3C7-4D74-A88A-C96AC1170C1D} = {354C3820-B9CA-4E7E-A37C-052B93D59DF6}
		{229A3F71-04EB-404F-9B70-5EA6A925401D} = {354C3820-B9CA-4E7E-A37C-052B93D59DF6}
	EndGlobalSection
EndGlobal
